
Microsoft Visual Studio Solution File, Format Version 12.00
# Visual Studio Version 17
VisualStudioVersion = 17.0.31825.309
MinimumVisualStudioVersion = 10.0.40219.1
Project("{8BC9CEB8-8B4A-11D0-8D11-00A0C91BC942}") = "B1", "B1\B1.vcxproj", "{C320CB98-83FE-4075-A42B-5ECC2EDEB46A}"
EndProject
Project("{8BC9CEB8-8B4A-11D0-8D11-00A0C91BC942}") = "B2", "B2\B2.vcxproj", "{8614925C-E877-4AAB-A388-B2F2BA54A941}"
EndProject
Project("{8BC9CEB8-8B4A-11D0-8D11-00A0C91BC942}") = "B3", "B3\B3.vcxproj", "{3CA4A2B3-DEEE-4AC9-A27E-F2A5FB4D8AE0}"
EndProject
Project("{8BC9CEB8-8B4A-11D0-8D11-00A0C91BC942}") = "B4", "B4\B4.vcxproj", "{30D3B05A-991A-4466-ABEC-30A3FF1AFE3E}"
EndProject
Project("{8BC9CEB8-8B4A-11D0-8D11-00A0C91BC942}") = "B5", "B5\B5.vcxproj", "{996FB80F-766A-4EB9-B3C8-E4ECC7871A0A}"
EndProject
Project("{8BC9CEB8-8B4A-11D0-8D11-00A0C91BC942}") = "B6", "B6\B6.vcxproj", "{E62FCF28-9505-4345-BB37-7B3FB4D12E2E}"
EndProject
Project("{8BC9CEB8-8B4A-11D0-8D11-00A0C91BC942}") = "B7", "B7\B7.vcxproj", "{D1599411-D069-4F29-854E-60B6BBFBF3F9}"
EndProject
Project("{8BC9CEB8-8B4A-11D0-8D11-00A0C91BC942}") = "A1", "A1\A1.vcxproj", "{8794E662-B182-4B3C-8925-9243F554A3C2}"
EndProject
Project("{8BC9CEB8-8B4A-11D0-8D11-00A0C91BC942}") = "A2", "A2\A2.vcxproj", "{F831D1B1-42F7-4385-B357-4F9268A6C316}"
EndProject
Project("{8BC9CEB8-8B4A-11D0-8D11-00A0C91BC942}") = "B8", "B8\B8.vcxproj", "{ECF78111-01E2-4F05-8F41-E212CAE390FB}"
EndProject
Project("{8BC9CEB8-8B4A-11D0-8D11-00A0C91BC942}") = "B9", "B9\B9.vcxproj", "{95D5377F-825C-47C8-971A-7A17CF96BDAD}"
EndProject
Project("{8BC9CEB8-8B4A-11D0-8D11-00A0C91BC942}") = "B010", "B010\B010.vcxproj", "{6FA75088-00EE-4966-B72E-8D3DF8948AE7}"
EndProject
Project("{8BC9CEB8-8B4A-11D0-8D11-00A0C91BC942}") = "B011", "B011\B011.vcxproj", "{541C2FFC-25A0-4CB3-B144-7F8F71E38622}"
EndProject
Project("{8BC9CEB8-8B4A-11D0-8D11-00A0C91BC942}") = "B012", "B012\B012.vcxproj", "{7829D495-1D99-4F9D-A59D-A0D07E5452BC}"
EndProject
Project("{8BC9CEB8-8B4A-11D0-8D11-00A0C91BC942}") = "B013", "B013\B013.vcxproj", "{ABCEB271-F95B-460E-93BD-407D7CD1E613}"
EndProject
Project("{8BC9CEB8-8B4A-11D0-8D11-00A0C91BC942}") = "B014", "B014\B014.vcxproj", "{3A1C8563-7E7C-41B5-A610-B09B3D9C4DB8}"
EndProject
Project("{8BC9CEB8-8B4A-11D0-8D11-00A0C91BC942}") = "B015", "B015\B015.vcxproj", "{7FEC4950-5DB3-4B1B-8288-63D7EDBBEEF8}"
EndProject
Global
	GlobalSection(SolutionConfigurationPlatforms) = preSolution
		Debug|x64 = Debug|x64
		Debug|x86 = Debug|x86
		Release|x64 = Release|x64
		Release|x86 = Release|x86
	EndGlobalSection
	GlobalSection(ProjectConfigurationPlatforms) = postSolution
		{C320CB98-83FE-4075-A42B-5ECC2EDEB46A}.Debug|x64.ActiveCfg = Debug|x64
		{C320CB98-83FE-4075-A42B-5ECC2EDEB46A}.Debug|x64.Build.0 = Debug|x64
		{C320CB98-83FE-4075-A42B-5ECC2EDEB46A}.Debug|x86.ActiveCfg = Debug|Win32
		{C320CB98-83FE-4075-A42B-5ECC2EDEB46A}.Debug|x86.Build.0 = Debug|Win32
		{C320CB98-83FE-4075-A42B-5ECC2EDEB46A}.Release|x64.ActiveCfg = Release|x64
		{C320CB98-83FE-4075-A42B-5ECC2EDEB46A}.Release|x64.Build.0 = Release|x64
		{C320CB98-83FE-4075-A42B-5ECC2EDEB46A}.Release|x86.ActiveCfg = Release|Win32
		{C320CB98-83FE-4075-A42B-5ECC2EDEB46A}.Release|x86.Build.0 = Release|Win32
		{8614925C-E877-4AAB-A388-B2F2BA54A941}.Debug|x64.ActiveCfg = Debug|x64
		{8614925C-E877-4AAB-A388-B2F2BA54A941}.Debug|x64.Build.0 = Debug|x64
		{8614925C-E877-4AAB-A388-B2F2BA54A941}.Debug|x86.ActiveCfg = Debug|Win32
		{8614925C-E877-4AAB-A388-B2F2BA54A941}.Debug|x86.Build.0 = Debug|Win32
		{8614925C-E877-4AAB-A388-B2F2BA54A941}.Release|x64.ActiveCfg = Release|x64
		{8614925C-E877-4AAB-A388-B2F2BA54A941}.Release|x64.Build.0 = Release|x64
		{8614925C-E877-4AAB-A388-B2F2BA54A941}.Release|x86.ActiveCfg = Release|Win32
		{8614925C-E877-4AAB-A388-B2F2BA54A941}.Release|x86.Build.0 = Release|Win32
		{3CA4A2B3-DEEE-4AC9-A27E-F2A5FB4D8AE0}.Debug|x64.ActiveCfg = Debug|x64
		{3CA4A2B3-DEEE-4AC9-A27E-F2A5FB4D8AE0}.Debug|x64.Build.0 = Debug|x64
		{3CA4A2B3-DEEE-4AC9-A27E-F2A5FB4D8AE0}.Debug|x86.ActiveCfg = Debug|Win32
		{3CA4A2B3-DEEE-4AC9-A27E-F2A5FB4D8AE0}.Debug|x86.Build.0 = Debug|Win32
		{3CA4A2B3-DEEE-4AC9-A27E-F2A5FB4D8AE0}.Release|x64.ActiveCfg = Release|x64
		{3CA4A2B3-DEEE-4AC9-A27E-F2A5FB4D8AE0}.Release|x64.Build.0 = Release|x64
		{3CA4A2B3-DEEE-4AC9-A27E-F2A5FB4D8AE0}.Release|x86.ActiveCfg = Release|Win32
		{3CA4A2B3-DEEE-4AC9-A27E-F2A5FB4D8AE0}.Release|x86.Build.0 = Release|Win32
		{30D3B05A-991A-4466-ABEC-30A3FF1AFE3E}.Debug|x64.ActiveCfg = Debug|x64
		{30D3B05A-991A-4466-ABEC-30A3FF1AFE3E}.Debug|x64.Build.0 = Debug|x64
		{30D3B05A-991A-4466-ABEC-30A3FF1AFE3E}.Debug|x86.ActiveCfg = Debug|Win32
		{30D3B05A-991A-4466-ABEC-30A3FF1AFE3E}.Debug|x86.Build.0 = Debug|Win32
		{30D3B05A-991A-4466-ABEC-30A3FF1AFE3E}.Release|x64.ActiveCfg = Release|x64
		{30D3B05A-991A-4466-ABEC-30A3FF1AFE3E}.Release|x64.Build.0 = Release|x64
		{30D3B05A-991A-4466-ABEC-30A3FF1AFE3E}.Release|x86.ActiveCfg = Release|Win32
		{30D3B05A-991A-4466-ABEC-30A3FF1AFE3E}.Release|x86.Build.0 = Release|Win32
		{996FB80F-766A-4EB9-B3C8-E4ECC7871A0A}.Debug|x64.ActiveCfg = Debug|x64
		{996FB80F-766A-4EB9-B3C8-E4ECC7871A0A}.Debug|x64.Build.0 = Debug|x64
		{996FB80F-766A-4EB9-B3C8-E4ECC7871A0A}.Debug|x86.ActiveCfg = Debug|Win32
		{996FB80F-766A-4EB9-B3C8-E4ECC7871A0A}.Debug|x86.Build.0 = Debug|Win32
		{996FB80F-766A-4EB9-B3C8-E4ECC7871A0A}.Release|x64.ActiveCfg = Release|x64
		{996FB80F-766A-4EB9-B3C8-E4ECC7871A0A}.Release|x64.Build.0 = Release|x64
		{996FB80F-766A-4EB9-B3C8-E4ECC7871A0A}.Release|x86.ActiveCfg = Release|Win32
		{996FB80F-766A-4EB9-B3C8-E4ECC7871A0A}.Release|x86.Build.0 = Release|Win32
		{E62FCF28-9505-4345-BB37-7B3FB4D12E2E}.Debug|x64.ActiveCfg = Debug|x64
		{E62FCF28-9505-4345-BB37-7B3FB4D12E2E}.Debug|x64.Build.0 = Debug|x64
		{E62FCF28-9505-4345-BB37-7B3FB4D12E2E}.Debug|x86.ActiveCfg = Debug|Win32
		{E62FCF28-9505-4345-BB37-7B3FB4D12E2E}.Debug|x86.Build.0 = Debug|Win32
		{E62FCF28-9505-4345-BB37-7B3FB4D12E2E}.Release|x64.ActiveCfg = Release|x64
		{E62FCF28-9505-4345-BB37-7B3FB4D12E2E}.Release|x64.Build.0 = Release|x64
		{E62FCF28-9505-4345-BB37-7B3FB4D12E2E}.Release|x86.ActiveCfg = Release|Win32
		{E62FCF28-9505-4345-BB37-7B3FB4D12E2E}.Release|x86.Build.0 = Release|Win32
		{D1599411-D069-4F29-854E-60B6BBFBF3F9}.Debug|x64.ActiveCfg = Debug|x64
		{D1599411-D069-4F29-854E-60B6BBFBF3F9}.Debug|x64.Build.0 = Debug|x64
		{D1599411-D069-4F29-854E-60B6BBFBF3F9}.Debug|x86.ActiveCfg = Debug|Win32
		{D1599411-D069-4F29-854E-60B6BBFBF3F9}.Debug|x86.Build.0 = Debug|Win32
		{D1599411-D069-4F29-854E-60B6BBFBF3F9}.Release|x64.ActiveCfg = Release|x64
		{D1599411-D069-4F29-854E-60B6BBFBF3F9}.Release|x64.Build.0 = Release|x64
		{D1599411-D069-4F29-854E-60B6BBFBF3F9}.Release|x86.ActiveCfg = Release|Win32
		{D1599411-D069-4F29-854E-60B6BBFBF3F9}.Release|x86.Build.0 = Release|Win32
		{8794E662-B182-4B3C-8925-9243F554A3C2}.Debug|x64.ActiveCfg = Debug|x64
		{8794E662-B182-4B3C-8925-9243F554A3C2}.Debug|x64.Build.0 = Debug|x64
		{8794E662-B182-4B3C-8925-9243F554A3C2}.Debug|x86.ActiveCfg = Debug|Win32
		{8794E662-B182-4B3C-8925-9243F554A3C2}.Debug|x86.Build.0 = Debug|Win32
		{8794E662-B182-4B3C-8925-9243F554A3C2}.Release|x64.ActiveCfg = Release|x64
		{8794E662-B182-4B3C-8925-9243F554A3C2}.Release|x64.Build.0 = Release|x64
		{8794E662-B182-4B3C-8925-9243F554A3C2}.Release|x86.ActiveCfg = Release|Win32
		{8794E662-B182-4B3C-8925-9243F554A3C2}.Release|x86.Build.0 = Release|Win32
		{F831D1B1-42F7-4385-B357-4F9268A6C316}.Debug|x64.ActiveCfg = Debug|x64
		{F831D1B1-42F7-4385-B357-4F9268A6C316}.Debug|x64.Build.0 = Debug|x64
		{F831D1B1-42F7-4385-B357-4F9268A6C316}.Debug|x86.ActiveCfg = Debug|Win32
		{F831D1B1-42F7-4385-B357-4F9268A6C316}.Debug|x86.Build.0 = Debug|Win32
		{F831D1B1-42F7-4385-B357-4F9268A6C316}.Release|x64.ActiveCfg = Release|x64
		{F831D1B1-42F7-4385-B357-4F9268A6C316}.Release|x64.Build.0 = Release|x64
		{F831D1B1-42F7-4385-B357-4F9268A6C316}.Release|x86.ActiveCfg = Release|Win32
		{F831D1B1-42F7-4385-B357-4F9268A6C316}.Release|x86.Build.0 = Release|Win32
		{ECF78111-01E2-4F05-8F41-E212CAE390FB}.Debug|x64.ActiveCfg = Debug|x64
		{ECF78111-01E2-4F05-8F41-E212CAE390FB}.Debug|x64.Build.0 = Debug|x64
		{ECF78111-01E2-4F05-8F41-E212CAE390FB}.Debug|x86.ActiveCfg = Debug|Win32
		{ECF78111-01E2-4F05-8F41-E212CAE390FB}.Debug|x86.Build.0 = Debug|Win32
		{ECF78111-01E2-4F05-8F41-E212CAE390FB}.Release|x64.ActiveCfg = Release|x64
		{ECF78111-01E2-4F05-8F41-E212CAE390FB}.Release|x64.Build.0 = Release|x64
		{ECF78111-01E2-4F05-8F41-E212CAE390FB}.Release|x86.ActiveCfg = Release|Win32
		{ECF78111-01E2-4F05-8F41-E212CAE390FB}.Release|x86.Build.0 = Release|Win32
		{95D5377F-825C-47C8-971A-7A17CF96BDAD}.Debug|x64.ActiveCfg = Debug|x64
		{95D5377F-825C-47C8-971A-7A17CF96BDAD}.Debug|x64.Build.0 = Debug|x64
		{95D5377F-825C-47C8-971A-7A17CF96BDAD}.Debug|x86.ActiveCfg = Debug|Win32
		{95D5377F-825C-47C8-971A-7A17CF96BDAD}.Debug|x86.Build.0 = Debug|Win32
		{95D5377F-825C-47C8-971A-7A17CF96BDAD}.Release|x64.ActiveCfg = Release|x64
		{95D5377F-825C-47C8-971A-7A17CF96BDAD}.Release|x64.Build.0 = Release|x64
		{95D5377F-825C-47C8-971A-7A17CF96BDAD}.Release|x86.ActiveCfg = Release|Win32
		{95D5377F-825C-47C8-971A-7A17CF96BDAD}.Release|x86.Build.0 = Release|Win32
		{6FA75088-00EE-4966-B72E-8D3DF8948AE7}.Debug|x64.ActiveCfg = Debug|x64
		{6FA75088-00EE-4966-B72E-8D3DF8948AE7}.Debug|x64.Build.0 = Debug|x64
		{6FA75088-00EE-4966-B72E-8D3DF8948AE7}.Debug|x86.ActiveCfg = Debug|Win32
		{6FA75088-00EE-4966-B72E-8D3DF8948AE7}.Debug|x86.Build.0 = Debug|Win32
		{6FA75088-00EE-4966-B72E-8D3DF8948AE7}.Release|x64.ActiveCfg = Release|x64
		{6FA75088-00EE-4966-B72E-8D3DF8948AE7}.Release|x64.Build.0 = Release|x64
		{6FA75088-00EE-4966-B72E-8D3DF8948AE7}.Release|x86.ActiveCfg = Release|Win32
		{6FA75088-00EE-4966-B72E-8D3DF8948AE7}.Release|x86.Build.0 = Release|Win32
		{541C2FFC-25A0-4CB3-B144-7F8F71E38622}.Debug|x64.ActiveCfg = Debug|x64
		{541C2FFC-25A0-4CB3-B144-7F8F71E38622}.Debug|x64.Build.0 = Debug|x64
		{541C2FFC-25A0-4CB3-B144-7F8F71E38622}.Debug|x86.ActiveCfg = Debug|Win32
		{541C2FFC-25A0-4CB3-B144-7F8F71E38622}.Debug|x86.Build.0 = Debug|Win32
		{541C2FFC-25A0-4CB3-B144-7F8F71E38622}.Release|x64.ActiveCfg = Release|x64
		{541C2FFC-25A0-4CB3-B144-7F8F71E38622}.Release|x64.Build.0 = Release|x64
		{541C2FFC-25A0-4CB3-B144-7F8F71E38622}.Release|x86.ActiveCfg = Release|Win32
		{541C2FFC-25A0-4CB3-B144-7F8F71E38622}.Release|x86.Build.0 = Release|Win32
		{7829D495-1D99-4F9D-A59D-A0D07E5452BC}.Debug|x64.ActiveCfg = Debug|x64
		{7829D495-1D99-4F9D-A59D-A0D07E5452BC}.Debug|x64.Build.0 = Debug|x64
		{7829D495-1D99-4F9D-A59D-A0D07E5452BC}.Debug|x86.ActiveCfg = Debug|Win32
		{7829D495-1D99-4F9D-A59D-A0D07E5452BC}.Debug|x86.Build.0 = Debug|Win32
		{7829D495-1D99-4F9D-A59D-A0D07E5452BC}.Release|x64.ActiveCfg = Release|x64
		{7829D495-1D99-4F9D-A59D-A0D07E5452BC}.Release|x64.Build.0 = Release|x64
		{7829D495-1D99-4F9D-A59D-A0D07E5452BC}.Release|x86.ActiveCfg = Release|Win32
		{7829D495-1D99-4F9D-A59D-A0D07E5452BC}.Release|x86.Build.0 = Release|Win32
		{ABCEB271-F95B-460E-93BD-407D7CD1E613}.Debug|x64.ActiveCfg = Debug|x64
		{ABCEB271-F95B-460E-93BD-407D7CD1E613}.Debug|x64.Build.0 = Debug|x64
		{ABCEB271-F95B-460E-93BD-407D7CD1E613}.Debug|x86.ActiveCfg = Debug|Win32
		{ABCEB271-F95B-460E-93BD-407D7CD1E613}.Debug|x86.Build.0 = Debug|Win32
		{ABCEB271-F95B-460E-93BD-407D7CD1E613}.Release|x64.ActiveCfg = Release|x64
		{ABCEB271-F95B-460E-93BD-407D7CD1E613}.Release|x64.Build.0 = Release|x64
		{ABCEB271-F95B-460E-93BD-407D7CD1E613}.Release|x86.ActiveCfg = Release|Win32
		{ABCEB271-F95B-460E-93BD-407D7CD1E613}.Release|x86.Build.0 = Release|Win32
		{3A1C8563-7E7C-41B5-A610-B09B3D9C4DB8}.Debug|x64.ActiveCfg = Debug|x64
		{3A1C8563-7E7C-41B5-A610-B09B3D9C4DB8}.Debug|x64.Build.0 = Debug|x64
		{3A1C8563-7E7C-41B5-A610-B09B3D9C4DB8}.Debug|x86.ActiveCfg = Debug|Win32
		{3A1C8563-7E7C-41B5-A610-B09B3D9C4DB8}.Debug|x86.Build.0 = Debug|Win32
		{3A1C8563-7E7C-41B5-A610-B09B3D9C4DB8}.Release|x64.ActiveCfg = Release|x64
		{3A1C8563-7E7C-41B5-A610-B09B3D9C4DB8}.Release|x64.Build.0 = Release|x64
		{3A1C8563-7E7C-41B5-A610-B09B3D9C4DB8}.Release|x86.ActiveCfg = Release|Win32
		{3A1C8563-7E7C-41B5-A610-B09B3D9C4DB8}.Release|x86.Build.0 = Release|Win32
		{7FEC4950-5DB3-4B1B-8288-63D7EDBBEEF8}.Debug|x64.ActiveCfg = Debug|x64
		{7FEC4950-5DB3-4B1B-8288-63D7EDBBEEF8}.Debug|x64.Build.0 = Debug|x64
		{7FEC4950-5DB3-4B1B-8288-63D7EDBBEEF8}.Debug|x86.ActiveCfg = Debug|Win32
		{7FEC4950-5DB3-4B1B-8288-63D7EDBBEEF8}.Debug|x86.Build.0 = Debug|Win32
		{7FEC4950-5DB3-4B1B-8288-63D7EDBBEEF8}.Release|x64.ActiveCfg = Release|x64
		{7FEC4950-5DB3-4B1B-8288-63D7EDBBEEF8}.Release|x64.Build.0 = Release|x64
		{7FEC4950-5DB3-4B1B-8288-63D7EDBBEEF8}.Release|x86.ActiveCfg = Release|Win32
		{7FEC4950-5DB3-4B1B-8288-63D7EDBBEEF8}.Release|x86.Build.0 = Release|Win32
	EndGlobalSection
	GlobalSection(SolutionProperties) = preSolution
		HideSolutionNode = FALSE
	EndGlobalSection
	GlobalSection(ExtensibilityGlobals) = postSolution
		SolutionGuid = {087B2AF2-77DA-40D7-92CA-3854DBAF8D8B}
	EndGlobalSection
EndGlobal
